
Microsoft Visual Studio Solution File, Format Version 12.00
# Visual Studio Version 17
VisualStudioVersion = 17.0.31912.275
MinimumVisualStudioVersion = 10.0.40219.1
Project("{FAE04EC0-301F-11D3-BF4B-00C04F79EFBC}") = "ConsoleApp1", "ConsoleApp1\ConsoleApp1.csproj", "{008CC993-56EB-42D4-916B-D34E817E8E7F}"
EndProject
Global
	GlobalSection(SolutionConfigurationPlatforms) = preSolution
		Debug|Any CPU = Debug|Any CPU
		Debug|x86 = Debug|x86
		Release|Any CPU = Release|Any CPU
		Release|x86 = Release|x86
	EndGlobalSection
	GlobalSection(ProjectConfigurationPlatforms) = postSolution
		{008CC993-56EB-42D4-916B-D34E817E8E7F}.Debug|Any CPU.ActiveCfg = Debug|Any CPU
		{008CC993-56EB-42D4-916B-D34E817E8E7F}.Debug|Any CPU.Build.0 = Debug|Any CPU
		{008CC993-56EB-42D4-916B-D34E817E8E7F}.Debug|x86.ActiveCfg = Debug|x86
		{008CC993-56EB-42D4-916B-D34E817E8E7F}.Debug|x86.Build.0 = Debug|x86
		{008CC993-56EB-42D4-916B-D34E817E8E7F}.Release|Any CPU.ActiveCfg = Release|Any CPU
		{008CC993-56EB-42D4-916B-D34E817E8E7F}.Release|Any CPU.Build.0 = Release|Any CPU
		{008CC993-56EB-42D4-916B-D34E817E8E7F}.Release|x86.ActiveCfg = Release|x86
		{008CC993-56EB-42D4-916B-D34E817E8E7F}.Release|x86.Build.0 = Release|x86
	EndGlobalSection
	GlobalSection(SolutionProperties) = preSolution
		HideSolutionNode = FALSE
	EndGlobalSection
	GlobalSection(ExtensibilityGlobals) = postSolution
		SolutionGuid = {3D3BF9FC-111C-443F-99A7-8FA327CCC516}
	EndGlobalSection
EndGlobal
